// !$*UTF8*$!
{
	archiveVersion = 1;
	classes = {
	};
	objectVersion = 77;
	objects = {

/* Begin PBXBuildFile section */
		16A7F9F72F63790100F18B2B /* OpenAPIRuntime in Frameworks */ = {isa = PBXBuildFile; productRef = 16A7F9F62F63790100F18B2B /* OpenAPIRuntime */; };
		16A7F9FA2F63795800F18B2B /* OpenAPIURLSession in Frameworks */ = {isa = PBXBuildFile; productRef = 16A7F9F92F63795800F18B2B /* OpenAPIURLSession */; };
		16A7FA112F63865D00F18B2B /* CLAUDE.md in Resources */ = {isa = PBXBuildFile; fileRef = 16A7FA0F2F63865400F18B2B /* CLAUDE.md */; };
/* End PBXBuildFile section */

/* Begin PBXContainerItemProxy section */
		167636A92F62E91B009F64B2 /* PBXContainerItemProxy */ = {
			isa = PBXContainerItemProxy;
			containerPortal = 167636912F62E91A009F64B2 /* Project object */;
			proxyType = 1;
			remoteGlobalIDString = 167636982F62E91A009F64B2;
			remoteInfo = "food-app-ios";
		};
		167636B32F62E91B009F64B2 /* PBXContainerItemProxy */ = {
			isa = PBXContainerItemProxy;
			containerPortal = 167636912F62E91A009F64B2 /* Project object */;
			proxyType = 1;
			remoteGlobalIDString = 167636982F62E91A009F64B2;
			remoteInfo = "food-app-ios";
		};
/* End PBXContainerItemProxy section */

/* Begin PBXFileReference section */
		167636992F62E91A009F64B2 /* food-app-ios.app */ = {isa = PBXFileReference; explicitFileType = wrapper.application; includeInIndex = 0; path = "food-app-ios.app"; sourceTree = BUILT_PRODUCTS_DIR; };
		167636A82F62E91B009F64B2 /* food-app-iosTests.xctest */ = {isa = PBXFileReference; explicitFileType = wrapper.cfbundle; includeInIndex = 0; path = "food-app-iosTests.xctest"; sourceTree = BUILT_PRODUCTS_DIR; };
		167636B22F62E91B009F64B2 /* food-app-iosUITests.xctest */ = {isa = PBXFileReference; explicitFileType = wrapper.cfbundle; includeInIndex = 0; path = "food-app-iosUITests.xctest"; sourceTree = BUILT_PRODUCTS_DIR; };
		16A7FA0F2F63865400F18B2B /* CLAUDE.md */ = {isa = PBXFileReference; lastKnownFileType = net.daringfireball.markdown; path = CLAUDE.md; sourceTree = "<group>"; };
/* End PBXFileReference section */

/* Begin PBXFileSystemSynchronizedBuildFileExceptionSet section */
		16A7F9F22F63768300F18B2B /* Exceptions for "food-app-ios" folder in "food-app-ios" target */ = {
			isa = PBXFileSystemSynchronizedBuildFileExceptionSet;
			membershipExceptions = (
				"openapi-generator-config.yaml",
			);
			target = 167636982F62E91A009F64B2 /* food-app-ios */;
		};
/* End PBXFileSystemSynchronizedBuildFileExceptionSet section */

/* Begin PBXFileSystemSynchronizedGroupBuildPhaseMembershipExceptionSet section */
		16A7F9F32F63768300F18B2B /* Exceptions for "food-app-ios" folder in "Compile Sources" phase from "food-app-ios" target */ = {
			isa = PBXFileSystemSynchronizedGroupBuildPhaseMembershipExceptionSet;
			buildPhase = 167636952F62E91A009F64B2 /* Sources */;
			membershipExceptions = (
				"openapi-generator-config.yaml",
			);
		};
/* End PBXFileSystemSynchronizedGroupBuildPhaseMembershipExceptionSet section */

/* Begin PBXFileSystemSynchronizedRootGroup section */
		1676369B2F62E91A009F64B2 /* food-app-ios */ = {
			isa = PBXFileSystemSynchronizedRootGroup;
			exceptions = (
				16A7F9F22F63768300F18B2B /* Exceptions for "food-app-ios" folder in "food-app-ios" target */,
				16A7F9F32F63768300F18B2B /* Exceptions for "food-app-ios" folder in "Compile Sources" phase from "food-app-ios" target */,
			);
			path = "food-app-ios";
			sourceTree = "<group>";
		};
		167636AB2F62E91B009F64B2 /* food-app-iosTests */ = {
			isa = PBXFileSystemSynchronizedRootGroup;
			path = "food-app-iosTests";
			sourceTree = "<group>";
		};
		167636B52F62E91B009F64B2 /* food-app-iosUITests */ = {
			isa = PBXFileSystemSynchronizedRootGroup;
			path = "food-app-iosUITests";
			sourceTree = "<group>";
		};
/* End PBXFileSystemSynchronizedRootGroup section */

/* Begin PBXFrameworksBuildPhase section */
		167636962F62E91A009F64B2 /* Frameworks */ = {
			isa = PBXFrameworksBuildPhase;
			buildActionMask = 2147483647;
			files = (
				16A7F9FA2F63795800F18B2B /* OpenAPIURLSession in Frameworks */,
				16A7F9F72F63790100F18B2B /* OpenAPIRuntime in Frameworks */,
			);
			runOnlyForDeploymentPostprocessing = 0;
		};
		167636A52F62E91B009F64B2 /* Frameworks */ = {
			isa = PBXFrameworksBuildPhase;
			buildActionMask = 2147483647;
			files = (
			);
			runOnlyForDeploymentPostprocessing = 0;
		};
		167636AF2F62E91B009F64B2 /* Frameworks */ = {
			isa = PBXFrameworksBuildPhase;
			buildActionMask = 2147483647;
			files = (
			);
			runOnlyForDeploymentPostprocessing = 0;
		};
/* End PBXFrameworksBuildPhase section */

/* Begin PBXGroup section */
		167636902F62E91A009F64B2 = {
			isa = PBXGroup;
			children = (
				16A7FA0F2F63865400F18B2B /* CLAUDE.md */,
				1676369B2F62E91A009F64B2 /* food-app-ios */,
				167636AB2F62E91B009F64B2 /* food-app-iosTests */,
				167636B52F62E91B009F64B2 /* food-app-iosUITests */,
				1676369A2F62E91A009F64B2 /* Products */,
			);
			sourceTree = "<group>";
		};
		1676369A2F62E91A009F64B2 /* Products */ = {
			isa = PBXGroup;
			children = (
				167636992F62E91A009F64B2 /* food-app-ios.app */,
				167636A82F62E91B009F64B2 /* food-app-iosTests.xctest */,
				167636B22F62E91B009F64B2 /* food-app-iosUITests.xctest */,
			);
			name = Products;
			sourceTree = "<group>";
		};
/* End PBXGroup section */

/* Begin PBXNativeTarget section */
		167636982F62E91A009F64B2 /* food-app-ios */ = {
			isa = PBXNativeTarget;
			buildConfigurationList = 167636BC2F62E91B009F64B2 /* Build configuration list for PBXNativeTarget "food-app-ios" */;
			buildPhases = (
				167636952F62E91A009F64B2 /* Sources */,
				167636962F62E91A009F64B2 /* Frameworks */,
				167636972F62E91A009F64B2 /* Resources */,
			);
			buildRules = (
			);
			dependencies = (
				16A7F9FF2F637A9600F18B2B /* PBXTargetDependency */,
			);
			fileSystemSynchronizedGroups = (
				1676369B2F62E91A009F64B2 /* food-app-ios */,
			);
			name = "food-app-ios";
			packageProductDependencies = (
				16A7F9F62F63790100F18B2B /* OpenAPIRuntime */,
				16A7F9F92F63795800F18B2B /* OpenAPIURLSession */,
			);
			productName = "food-app-ios";
			productReference = 167636992F62E91A009F64B2 /* food-app-ios.app */;
			productType = "com.apple.product-type.application";
		};
		167636A72F62E91B009F64B2 /* food-app-iosTests */ = {
			isa = PBXNativeTarget;
			buildConfigurationList = 167636BF2F62E91B009F64B2 /* Build configuration list for PBXNativeTarget "food-app-iosTests" */;
			buildPhases = (
				167636A42F62E91B009F64B2 /* Sources */,
				167636A52F62E91B009F64B2 /* Frameworks */,
				167636A62F62E91B009F64B2 /* Resources */,
			);
			buildRules = (
			);
			dependencies = (
				167636AA2F62E91B009F64B2 /* PBXTargetDependency */,
			);
			fileSystemSynchronizedGroups = (
				167636AB2F62E91B009F64B2 /* food-app-iosTests */,
			);
			name = "food-app-iosTests";
			packageProductDependencies = (
			);
			productName = "food-app-iosTests";
			productReference = 167636A82F62E91B009F64B2 /* food-app-iosTests.xctest */;
			productType = "com.apple.product-type.bundle.unit-test";
		};
		167636B12F62E91B009F64B2 /* food-app-iosUITests */ = {
			isa = PBXNativeTarget;
			buildConfigurationList = 167636C22F62E91B009F64B2 /* Build configuration list for PBXNativeTarget "food-app-iosUITests" */;
			buildPhases = (
				167636AE2F62E91B009F64B2 /* Sources */,
				167636AF2F62E91B009F64B2 /* Frameworks */,
				167636B02F62E91B009F64B2 /* Resources */,
			);
			buildRules = (
			);
			dependencies = (
				167636B42F62E91B009F64B2 /* PBXTargetDependency */,
			);
			fileSystemSynchronizedGroups = (
				167636B52F62E91B009F64B2 /* food-app-iosUITests */,
			);
			name = "food-app-iosUITests";
			packageProductDependencies = (
			);
			productName = "food-app-iosUITests";
			productReference = 167636B22F62E91B009F64B2 /* food-app-iosUITests.xctest */;
			productType = "com.apple.product-type.bundle.ui-testing";
		};
/* End PBXNativeTarget section */

/* Begin PBXProject section */
		167636912F62E91A009F64B2 /* Project object */ = {
			isa = PBXProject;
			attributes = {
				BuildIndependentTargetsInParallel = 1;
				LastSwiftUpdateCheck = 2630;
				LastUpgradeCheck = 2630;
				TargetAttributes = {
					167636982F62E91A009F64B2 = {
						CreatedOnToolsVersion = 26.3;
					};
					167636A72F62E91B009F64B2 = {
						CreatedOnToolsVersion = 26.3;
						TestTargetID = 167636982F62E91A009F64B2;
					};
					167636B12F62E91B009F64B2 = {
						CreatedOnToolsVersion = 26.3;
						TestTargetID = 167636982F62E91A009F64B2;
					};
				};
			};
			buildConfigurationList = 167636942F62E91A009F64B2 /* Build configuration list for PBXProject "food-app-ios" */;
			developmentRegion = en;
			hasScannedForEncodings = 0;
			knownRegions = (
				en,
				Base,
			);
			mainGroup = 167636902F62E91A009F64B2;
			minimizedProjectReferenceProxies = 1;
			packageReferences = (
				16A7F9F42F6378BE00F18B2B /* XCRemoteSwiftPackageReference "swift-openapi-generator" */,
				16A7F9F52F63790100F18B2B /* XCRemoteSwiftPackageReference "swift-openapi-runtime" */,
				16A7F9F82F63795800F18B2B /* XCRemoteSwiftPackageReference "swift-openapi-urlsession" */,
			);
			preferredProjectObjectVersion = 77;
			productRefGroup = 1676369A2F62E91A009F64B2 /* Products */;
			projectDirPath = "";
			projectRoot = "";
			targets = (
				167636982F62E91A009F64B2 /* food-app-ios */,
				167636A72F62E91B009F64B2 /* food-app-iosTests */,
				167636B12F62E91B009F64B2 /* food-app-iosUITests */,
			);
		};
/* End PBXProject section */

/* Begin PBXResourcesBuildPhase section */
		167636972F62E91A009F64B2 /* Resources */ = {
			isa = PBXResourcesBuildPhase;
			buildActionMask = 2147483647;
			files = (
				16A7FA112F63865D00F18B2B /* CLAUDE.md in Resources */,
			);
			runOnlyForDeploymentPostprocessing = 0;
		};
		167636A62F62E91B009F64B2 /* Resources */ = {
			isa = PBXResourcesBuildPhase;
			buildActionMask = 2147483647;
			files = (
			);
			runOnlyForDeploymentPostprocessing = 0;
		};
		167636B02F62E91B009F64B2 /* Resources */ = {
			isa = PBXResourcesBuildPhase;
			buildActionMask = 2147483647;
			files = (
			);
			runOnlyForDeploymentPostprocessing = 0;
		};
/* End PBXResourcesBuildPhase section */

/* Begin PBXSourcesBuildPhase section */
		167636952F62E91A009F64B2 /* Sources */ = {
			isa = PBXSourcesBuildPhase;
			buildActionMask = 2147483647;
			files = (
			);
			runOnlyForDeploymentPostprocessing = 0;
		};
		167636A42F62E91B009F64B2 /* Sources */ = {
			isa = PBXSourcesBuildPhase;
			buildActionMask = 2147483647;
			files = (
			);
			runOnlyForDeploymentPostprocessing = 0;
		};
		167636AE2F62E91B009F64B2 /* Sources */ = {
			isa = PBXSourcesBuildPhase;
			buildActionMask = 2147483647;
			files = (
			);
			runOnlyForDeploymentPostprocessing = 0;
		};
/* End PBXSourcesBuildPhase section */

/* Begin PBXTargetDependency section */
		167636AA2F62E91B009F64B2 /* PBXTargetDependency */ = {
			isa = PBXTargetDependency;
			target = 167636982F62E91A009F64B2 /* food-app-ios */;
			targetProxy = 167636A92F62E91B009F64B2 /* PBXContainerItemProxy */;
		};
		167636B42F62E91B009F64B2 /* PBXTargetDependency */ = {
			isa = PBXTargetDependency;
			target = 167636982F62E91A009F64B2 /* food-app-ios */;
			targetProxy = 167636B32F62E91B009F64B2 /* PBXContainerItemProxy */;
		};
		16A7F9FF2F637A9600F18B2B /* PBXTargetDependency */ = {
			isa = PBXTargetDependency;
			productRef = 16A7F9FE2F637A9600F18B2B /* OpenAPIGenerator */;
		};
/* End PBXTargetDependency section */

/* Begin XCBuildConfiguration section */
		167636BA2F62E91B009F64B2 /* Debug */ = {
			isa = XCBuildConfiguration;
			buildSettings = {
				ALWAYS_SEARCH_USER_PATHS = NO;
				ASSETCATALOG_COMPILER_GENERATE_SWIFT_ASSET_SYMBOL_EXTENSIONS = YES;
				CLANG_ANALYZER_NONNULL = YES;
				CLANG_ANALYZER_NUMBER_OBJECT_CONVERSION = YES_AGGRESSIVE;
				CLANG_CXX_LANGUAGE_STANDARD = "gnu++20";
				CLANG_ENABLE_MODULES = YES;
				CLANG_ENABLE_OBJC_ARC = YES;
				CLANG_ENABLE_OBJC_WEAK = YES;
				CLANG_WARN_BLOCK_CAPTURE_AUTORELEASING = YES;
				CLANG_WARN_BOOL_CONVERSION = YES;
				CLANG_WARN_COMMA = YES;
				CLANG_WARN_CONSTANT_CONVERSION = YES;
				CLANG_WARN_DEPRECATED_OBJC_IMPLEMENTATIONS = YES;
				CLANG_WARN_DIRECT_OBJC_ISA_USAGE = YES_ERROR;
				CLANG_WARN_DOCUMENTATION_COMMENTS = YES;
				CLANG_WARN_EMPTY_BODY = YES;
				CLANG_WARN_ENUM_CONVERSION = YES;
				CLANG_WARN_INFINITE_RECURSION = YES;
				CLANG_WARN_INT_CONVERSION = YES;
				CLANG_WARN_NON_LITERAL_NULL_CONVERSION = YES;
				CLANG_WARN_OBJC_IMPLICIT_RETAIN_SELF = YES;
				CLANG_WARN_OBJC_LITERAL_CONVERSION = YES;
				CLANG_WARN_OBJC_ROOT_CLASS = YES_ERROR;
				CLANG_WARN_QUOTED_INCLUDE_IN_FRAMEWORK_HEADER = YES;
				CLANG_WARN_RANGE_LOOP_ANALYSIS = YES;
				CLANG_WARN_STRICT_PROTOTYPES = YES;
				CLANG_WARN_SUSPICIOUS_MOVE = YES;
				CLANG_WARN_UNGUARDED_AVAILABILITY = YES_AGGRESSIVE;
				CLANG_WARN_UNREACHABLE_CODE = YES;
				CLANG_WARN__DUPLICATE_METHOD_MATCH = YES;
				COPY_PHASE_STRIP = NO;
				DEBUG_INFORMATION_FORMAT = dwarf;
				ENABLE_STRICT_OBJC_MSGSEND = YES;
				ENABLE_TESTABILITY = YES;
				ENABLE_USER_SCRIPT_SANDBOXING = YES;
				GCC_C_LANGUAGE_STANDARD = gnu17;
				GCC_DYNAMIC_NO_PIC = NO;
				GCC_NO_COMMON_BLOCKS = YES;
				GCC_OPTIMIZATION_LEVEL = 0;
				GCC_PREPROCESSOR_DEFINITIONS = (
					"DEBUG=1",
					"$(inherited)",
				);
				GCC_WARN_64_TO_32_BIT_CONVERSION = YES;
				GCC_WARN_ABOUT_RETURN_TYPE = YES_ERROR;
				GCC_WARN_UNDECLARED_SELECTOR = YES;
				GCC_WARN_UNINITIALIZED_AUTOS = YES_AGGRESSIVE;
				GCC_WARN_UNUSED_FUNCTION = YES;
				GCC_WARN_UNUSED_VARIABLE = YES;
				LOCALIZATION_PREFERS_STRING_CATALOGS = YES;
				MTL_ENABLE_DEBUG_INFO = INCLUDE_SOURCE;
				MTL_FAST_MATH = YES;
				ONLY_ACTIVE_ARCH = YES;
				SWIFT_ACTIVE_COMPILATION_CONDITIONS = "DEBUG $(inherited)";
				SWIFT_OPTIMIZATION_LEVEL = "-Onone";
			};
			name = Debug;
		};
		167636BB2F62E91B009F64B2 /* Release */ = {
			isa = XCBuildConfiguration;
			buildSettings = {
				ALWAYS_SEARCH_USER_PATHS = NO;
				ASSETCATALOG_COMPILER_GENERATE_SWIFT_ASSET_SYMBOL_EXTENSIONS = YES;
				CLANG_ANALYZER_NONNULL = YES;
				CLANG_ANALYZER_NUMBER_OBJECT_CONVERSION = YES_AGGRESSIVE;
				CLANG_CXX_LANGUAGE_STANDARD = "gnu++20";
				CLANG_ENABLE_MODULES = YES;
				CLANG_ENABLE_OBJC_ARC = YES;
				CLANG_ENABLE_OBJC_WEAK = YES;
				CLANG_WARN_BLOCK_CAPTURE_AUTORELEASING = YES;
				CLANG_WARN_BOOL_CONVERSION = YES;
				CLANG_WARN_COMMA = YES;
				CLANG_WARN_CONSTANT_CONVERSION = YES;
				CLANG_WARN_DEPRECATED_OBJC_IMPLEMENTATIONS = YES;
				CLANG_WARN_DIRECT_OBJC_ISA_USAGE = YES_ERROR;
				CLANG_WARN_DOCUMENTATION_COMMENTS = YES;
				CLANG_WARN_EMPTY_BODY = YES;
				CLANG_WARN_ENUM_CONVERSION = YES;
				CLANG_WARN_INFINITE_RECURSION = YES;
				CLANG_WARN_INT_CONVERSION = YES;
				CLANG_WARN_NON_LITERAL_NULL_CONVERSION = YES;
				CLANG_WARN_OBJC_IMPLICIT_RETAIN_SELF = YES;
				CLANG_WARN_OBJC_LITERAL_CONVERSION = YES;
				CLANG_WARN_OBJC_ROOT_CLASS = YES_ERROR;
				CLANG_WARN_QUOTED_INCLUDE_IN_FRAMEWORK_HEADER = YES;
				CLANG_WARN_RANGE_LOOP_ANALYSIS = YES;
				CLANG_WARN_STRICT_PROTOTYPES = YES;
				CLANG_WARN_SUSPICIOUS_MOVE = YES;
				CLANG_WARN_UNGUARDED_AVAILABILITY = YES_AGGRESSIVE;
				CLANG_WARN_UNREACHABLE_CODE = YES;
				CLANG_WARN__DUPLICATE_METHOD_MATCH = YES;
				COPY_PHASE_STRIP = NO;
				DEBUG_INFORMATION_FORMAT = "dwarf-with-dsym";
				ENABLE_NS_ASSERTIONS = NO;
				ENABLE_STRICT_OBJC_MSGSEND = YES;
				ENABLE_USER_SCRIPT_SANDBOXING = YES;
				GCC_C_LANGUAGE_STANDARD = gnu17;
				GCC_NO_COMMON_BLOCKS = YES;
				GCC_WARN_64_TO_32_BIT_CONVERSION = YES;
				GCC_WARN_ABOUT_RETURN_TYPE = YES_ERROR;
				GCC_WARN_UNDECLARED_SELECTOR = YES;
				GCC_WARN_UNINITIALIZED_AUTOS = YES_AGGRESSIVE;
				GCC_WARN_UNUSED_FUNCTION = YES;
				GCC_WARN_UNUSED_VARIABLE = YES;
				LOCALIZATION_PREFERS_STRING_CATALOGS = YES;
				MTL_ENABLE_DEBUG_INFO = NO;
				MTL_FAST_MATH = YES;
				SWIFT_COMPILATION_MODE = wholemodule;
			};
			name = Release;
		};
		167636BD2F62E91B009F64B2 /* Debug */ = {
			isa = XCBuildConfiguration;
			buildSettings = {
				ASSETCATALOG_COMPILER_APPICON_NAME = AppIcon;
				ASSETCATALOG_COMPILER_GLOBAL_ACCENT_COLOR_NAME = AccentColor;
				CODE_SIGN_STYLE = Automatic;
				CURRENT_PROJECT_VERSION = 1;
				ENABLE_APP_SANDBOX = YES;
				ENABLE_PREVIEWS = YES;
				ENABLE_USER_SELECTED_FILES = readonly;
				GENERATE_INFOPLIST_FILE = YES;
				"INFOPLIST_KEY_UIApplicationSceneManifest_Generation[sdk=iphoneos*]" = YES;
				"INFOPLIST_KEY_UIApplicationSceneManifest_Generation[sdk=iphonesimulator*]" = YES;
				"INFOPLIST_KEY_UIApplicationSupportsIndirectInputEvents[sdk=iphoneos*]" = YES;
				"INFOPLIST_KEY_UIApplicationSupportsIndirectInputEvents[sdk=iphonesimulator*]" = YES;
				"INFOPLIST_KEY_UILaunchScreen_Generation[sdk=iphoneos*]" = YES;
				"INFOPLIST_KEY_UILaunchScreen_Generation[sdk=iphonesimulator*]" = YES;
				"INFOPLIST_KEY_UIStatusBarStyle[sdk=iphoneos*]" = UIStatusBarStyleDefault;
				"INFOPLIST_KEY_UIStatusBarStyle[sdk=iphonesimulator*]" = UIStatusBarStyleDefault;
				INFOPLIST_KEY_UISupportedInterfaceOrientations_iPad = "UIInterfaceOrientationPortrait UIInterfaceOrientationPortraitUpsideDown UIInterfaceOrientationLandscapeLeft UIInterfaceOrientationLandscapeRight";
				INFOPLIST_KEY_UISupportedInterfaceOrientations_iPhone = "UIInterfaceOrientationPortrait UIInterfaceOrientationLandscapeLeft UIInterfaceOrientationLandscapeRight";
				IPHONEOS_DEPLOYMENT_TARGET = 26.2;
				LD_RUNPATH_SEARCH_PATHS = "@executable_path/Frameworks";
				"LD_RUNPATH_SEARCH_PATHS[sdk=macosx*]" = "@executable_path/../Frameworks";
				MACOSX_DEPLOYMENT_TARGET = 26.2;
				MARKETING_VERSION = 1.0;
				PRODUCT_BUNDLE_IDENTIFIER = "mentosoft.food-app-ios";
				PRODUCT_NAME = "$(TARGET_NAME)";
				REGISTER_APP_GROUPS = YES;
				SDKROOT = auto;
				STRING_CATALOG_GENERATE_SYMBOLS = YES;
				SUPPORTED_PLATFORMS = "iphoneos iphonesimulator macosx xros xrsimulator";
				SWIFT_APPROACHABLE_CONCURRENCY = YES;
				SWIFT_DEFAULT_ACTOR_ISOLATION = MainActor;
				SWIFT_EMIT_LOC_STRINGS = YES;
				SWIFT_UPCOMING_FEATURE_MEMBER_IMPORT_VISIBILITY = YES;
				SWIFT_VERSION = 5.0;
				TARGETED_DEVICE_FAMILY = "1,2,7";
				XROS_DEPLOYMENT_TARGET = 26.2;
			};
			name = Debug;
		};
		167636BE2F62E91B009F64B2 /* Release */ = {
			isa = XCBuildConfiguration;
			buildSettings = {
				ASSETCATALOG_COMPILER_APPICON_NAME = AppIcon;
				ASSETCATALOG_COMPILER_GLOBAL_ACCENT_COLOR_NAME = AccentColor;
				CODE_SIGN_STYLE = Automatic;
				CURRENT_PROJECT_VERSION = 1;
				ENABLE_APP_SANDBOX = YES;
				ENABLE_PREVIEWS = YES;
				ENABLE_USER_SELECTED_FILES = readonly;
				GENERATE_INFOPLIST_FILE = YES;
				"INFOPLIST_KEY_UIApplicationSceneManifest_Generation[sdk=iphoneos*]" = YES;
				"INFOPLIST_KEY_UIApplicationSceneManifest_Generation[sdk=iphonesimulator*]" = YES;
				"INFOPLIST_KEY_UIApplicationSupportsIndirectInputEvents[sdk=iphoneos*]" = YES;
				"INFOPLIST_KEY_UIApplicationSupportsIndirectInputEvents[sdk=iphonesimulator*]" = YES;
				"INFOPLIST_KEY_UILaunchScreen_Generation[sdk=iphoneos*]" = YES;
				"INFOPLIST_KEY_UILaunchScreen_Generation[sdk=iphonesimulator*]" = YES;
				"INFOPLIST_KEY_UIStatusBarStyle[sdk=iphoneos*]" = UIStatusBarStyleDefault;
				"INFOPLIST_KEY_UIStatusBarStyle[sdk=iphonesimulator*]" = UIStatusBarStyleDefault;
				INFOPLIST_KEY_UISupportedInterfaceOrientations_iPad = "UIInterfaceOrientationPortrait UIInterfaceOrientationPortraitUpsideDown UIInterfaceOrientationLandscapeLeft UIInterfaceOrientationLandscapeRight";
				INFOPLIST_KEY_UISupportedInterfaceOrientations_iPhone = "UIInterfaceOrientationPortrait UIInterfaceOrientationLandscapeLeft UIInterfaceOrientationLandscapeRight";
				IPHONEOS_DEPLOYMENT_TARGET = 26.2;
				LD_RUNPATH_SEARCH_PATHS = "@executable_path/Frameworks";
				"LD_RUNPATH_SEARCH_PATHS[sdk=macosx*]" = "@executable_path/../Frameworks";
				MACOSX_DEPLOYMENT_TARGET = 26.2;
				MARKETING_VERSION = 1.0;
				PRODUCT_BUNDLE_IDENTIFIER = "mentosoft.food-app-ios";
				PRODUCT_NAME = "$(TARGET_NAME)";
				REGISTER_APP_GROUPS = YES;
				SDKROOT = auto;
				STRING_CATALOG_GENERATE_SYMBOLS = YES;
				SUPPORTED_PLATFORMS = "iphoneos iphonesimulator macosx xros xrsimulator";
				SWIFT_APPROACHABLE_CONCURRENCY = YES;
				SWIFT_DEFAULT_ACTOR_ISOLATION = MainActor;
				SWIFT_EMIT_LOC_STRINGS = YES;
				SWIFT_UPCOMING_FEATURE_MEMBER_IMPORT_VISIBILITY = YES;
				SWIFT_VERSION = 5.0;
				TARGETED_DEVICE_FAMILY = "1,2,7";
				XROS_DEPLOYMENT_TARGET = 26.2;
			};
			name = Release;
		};
		167636C02F62E91B009F64B2 /* Debug */ = {
			isa = XCBuildConfiguration;
			buildSettings = {
				BUNDLE_LOADER = "$(TEST_HOST)";
				CODE_SIGN_STYLE = Automatic;
				CURRENT_PROJECT_VERSION = 1;
				GENERATE_INFOPLIST_FILE = YES;
				IPHONEOS_DEPLOYMENT_TARGET = 26.2;
				MACOSX_DEPLOYMENT_TARGET = 26.2;
				MARKETING_VERSION = 1.0;
				PRODUCT_BUNDLE_IDENTIFIER = "mentosoft.food-app-iosTests";
				PRODUCT_NAME = "$(TARGET_NAME)";
				SDKROOT = auto;
				STRING_CATALOG_GENERATE_SYMBOLS = NO;
				SUPPORTED_PLATFORMS = "iphoneos iphonesimulator macosx xros xrsimulator";
				SWIFT_APPROACHABLE_CONCURRENCY = YES;
				SWIFT_EMIT_LOC_STRINGS = NO;
				SWIFT_UPCOMING_FEATURE_MEMBER_IMPORT_VISIBILITY = YES;
				SWIFT_VERSION = 5.0;
				TARGETED_DEVICE_FAMILY = "1,2,7";
				TEST_HOST = "$(BUILT_PRODUCTS_DIR)/food-app-ios.app/$(BUNDLE_EXECUTABLE_FOLDER_PATH)/food-app-ios";
				XROS_DEPLOYMENT_TARGET = 26.2;
			};
			name = Debug;
		};
		167636C12F62E91B009F64B2 /* Release */ = {
			isa = XCBuildConfiguration;
			buildSettings = {
				BUNDLE_LOADER = "$(TEST_HOST)";
				CODE_SIGN_STYLE = Automatic;
				CURRENT_PROJECT_VERSION = 1;
				GENERATE_INFOPLIST_FILE = YES;
				IPHONEOS_DEPLOYMENT_TARGET = 26.2;
				MACOSX_DEPLOYMENT_TARGET = 26.2;
				MARKETING_VERSION = 1.0;
				PRODUCT_BUNDLE_IDENTIFIER = "mentosoft.food-app-iosTests";
				PRODUCT_NAME = "$(TARGET_NAME)";
				SDKROOT = auto;
				STRING_CATALOG_GENERATE_SYMBOLS = NO;
				SUPPORTED_PLATFORMS = "iphoneos iphonesimulator macosx xros xrsimulator";
				SWIFT_APPROACHABLE_CONCURRENCY = YES;
				SWIFT_EMIT_LOC_STRINGS = NO;
				SWIFT_UPCOMING_FEATURE_MEMBER_IMPORT_VISIBILITY = YES;
				SWIFT_VERSION = 5.0;
				TARGETED_DEVICE_FAMILY = "1,2,7";
				TEST_HOST = "$(BUILT_PRODUCTS_DIR)/food-app-ios.app/$(BUNDLE_EXECUTABLE_FOLDER_PATH)/food-app-ios";
				XROS_DEPLOYMENT_TARGET = 26.2;
			};
			name = Release;
		};
		167636C32F62E91B009F64B2 /* Debug */ = {
			isa = XCBuildConfiguration;
			buildSettings = {
				CODE_SIGN_STYLE = Automatic;
				CURRENT_PROJECT_VERSION = 1;
				GENERATE_INFOPLIST_FILE = YES;
				IPHONEOS_DEPLOYMENT_TARGET = 26.2;
				MACOSX_DEPLOYMENT_TARGET = 26.2;
				MARKETING_VERSION = 1.0;
				PRODUCT_BUNDLE_IDENTIFIER = "mentosoft.food-app-iosUITests";
				PRODUCT_NAME = "$(TARGET_NAME)";
				SDKROOT = auto;
				STRING_CATALOG_GENERATE_SYMBOLS = NO;
				SUPPORTED_PLATFORMS = "iphoneos iphonesimulator macosx xros xrsimulator";
				SWIFT_APPROACHABLE_CONCURRENCY = YES;
				SWIFT_EMIT_LOC_STRINGS = NO;
				SWIFT_UPCOMING_FEATURE_MEMBER_IMPORT_VISIBILITY = YES;
				SWIFT_VERSION = 5.0;
				TARGETED_DEVICE_FAMILY = "1,2,7";
				TEST_TARGET_NAME = "food-app-ios";
				XROS_DEPLOYMENT_TARGET = 26.2;
			};
			name = Debug;
		};
		167636C42F62E91B009F64B2 /* Release */ = {
			isa = XCBuildConfiguration;
			buildSettings = {
				CODE_SIGN_STYLE = Automatic;
				CURRENT_PROJECT_VERSION = 1;
				GENERATE_INFOPLIST_FILE = YES;
				IPHONEOS_DEPLOYMENT_TARGET = 26.2;
				MACOSX_DEPLOYMENT_TARGET = 26.2;
				MARKETING_VERSION = 1.0;
				PRODUCT_BUNDLE_IDENTIFIER = "mentosoft.food-app-iosUITests";
				PRODUCT_NAME = "$(TARGET_NAME)";
				SDKROOT = auto;
				STRING_CATALOG_GENERATE_SYMBOLS = NO;
				SUPPORTED_PLATFORMS = "iphoneos iphonesimulator macosx xros xrsimulator";
				SWIFT_APPROACHABLE_CONCURRENCY = YES;
				SWIFT_EMIT_LOC_STRINGS = NO;
				SWIFT_UPCOMING_FEATURE_MEMBER_IMPORT_VISIBILITY = YES;
				SWIFT_VERSION = 5.0;
				TARGETED_DEVICE_FAMILY = "1,2,7";
				TEST_TARGET_NAME = "food-app-ios";
				XROS_DEPLOYMENT_TARGET = 26.2;
			};
			name = Release;
		};
/* End XCBuildConfiguration section */

/* Begin XCConfigurationList section */
		167636942F62E91A009F64B2 /* Build configuration list for PBXProject "food-app-ios" */ = {
			isa = XCConfigurationList;
			buildConfigurations = (
				167636BA2F62E91B009F64B2 /* Debug */,
				167636BB2F62E91B009F64B2 /* Release */,
			);
			defaultConfigurationIsVisible = 0;
			defaultConfigurationName = Release;
		};
		167636BC2F62E91B009F64B2 /* Build configuration list for PBXNativeTarget "food-app-ios" */ = {
			isa = XCConfigurationList;
			buildConfigurations = (
				167636BD2F62E91B009F64B2 /* Debug */,
				167636BE2F62E91B009F64B2 /* Release */,
			);
			defaultConfigurationIsVisible = 0;
			defaultConfigurationName = Release;
		};
		167636BF2F62E91B009F64B2 /* Build configuration list for PBXNativeTarget "food-app-iosTests" */ = {
			isa = XCConfigurationList;
			buildConfigurations = (
				167636C02F62E91B009F64B2 /* Debug */,
				167636C12F62E91B009F64B2 /* Release */,
			);
			defaultConfigurationIsVisible = 0;
			defaultConfigurationName = Release;
		};
		167636C22F62E91B009F64B2 /* Build configuration list for PBXNativeTarget "food-app-iosUITests" */ = {
			isa = XCConfigurationList;
			buildConfigurations = (
				167636C32F62E91B009F64B2 /* Debug */,
				167636C42F62E91B009F64B2 /* Release */,
			);
			defaultConfigurationIsVisible = 0;
			defaultConfigurationName = Release;
		};
/* End XCConfigurationList section */

/* Begin XCRemoteSwiftPackageReference section */
		16A7F9F42F6378BE00F18B2B /* XCRemoteSwiftPackageReference "swift-openapi-generator" */ = {
			isa = XCRemoteSwiftPackageReference;
			repositoryURL = "https://github.com/apple/swift-openapi-generator";
			requirement = {
				kind = upToNextMajorVersion;
				minimumVersion = 1.10.4;
			};
		};
		16A7F9F52F63790100F18B2B /* XCRemoteSwiftPackageReference "swift-openapi-runtime" */ = {
			isa = XCRemoteSwiftPackageReference;
			repositoryURL = "https://github.com/apple/swift-openapi-runtime";
			requirement = {
				kind = upToNextMajorVersion;
				minimumVersion = 1.11.0;
			};
		};
		16A7F9F82F63795800F18B2B /* XCRemoteSwiftPackageReference "swift-openapi-urlsession" */ = {
			isa = XCRemoteSwiftPackageReference;
			repositoryURL = "https://github.com/apple/swift-openapi-urlsession";
			requirement = {
				kind = upToNextMajorVersion;
				minimumVersion = 1.2.0;
			};
		};
/* End XCRemoteSwiftPackageReference section */

/* Begin XCSwiftPackageProductDependency section */
		16A7F9F62F63790100F18B2B /* OpenAPIRuntime */ = {
			isa = XCSwiftPackageProductDependency;
			package = 16A7F9F52F63790100F18B2B /* XCRemoteSwiftPackageReference "swift-openapi-runtime" */;
			productName = OpenAPIRuntime;
		};
		16A7F9F92F63795800F18B2B /* OpenAPIURLSession */ = {
			isa = XCSwiftPackageProductDependency;
			package = 16A7F9F82F63795800F18B2B /* XCRemoteSwiftPackageReference "swift-openapi-urlsession" */;
			productName = OpenAPIURLSession;
		};
		16A7F9FE2F637A9600F18B2B /* OpenAPIGenerator */ = {
			isa = XCSwiftPackageProductDependency;
			package = 16A7F9F42F6378BE00F18B2B /* XCRemoteSwiftPackageReference "swift-openapi-generator" */;
			productName = "plugin:OpenAPIGenerator";
		};
/* End XCSwiftPackageProductDependency section */
	};
	rootObject = 167636912F62E91A009F64B2 /* Project object */;
}
